PODS:
  - Alamofire (5.2.2)
  - IQKeyboardManagerSwift (6.5.6)
  - NVActivityIndicatorView (5.0.1):
    - NVActivityIndicatorView/Base (= 5.0.1)
  - NVActivityIndicatorView/Base (5.0.1)
  - SCLAlertView (0.8)
  - SDWebImage (5.9.0):
    - SDWebImage/Core (= 5.9.0)
  - SDWebImage/Core (5.9.0)
  - SKCountryPicker (1.2.9)
  - SVProgressHUD (2.2.5)
  - SwiftyJSON (5.0.0)

DEPENDENCIES:
  - Alamofire (~> 5.2)
  - IQKeyboardManagerSwift
  - NVActivityIndicatorView
  - SCLAlertView
  - SDWebImage
  - SKCountryPicker
  - SVProgressHUD
  - SwiftyJSON

SPEC REPOS:
  trunk:
    - Alamofire
    - IQKeyboardManagerSwift
    - NVActivityIndicatorView
    - SCLAlertView
    - SDWebImage
    - SKCountryPicker
    - SVProgressHUD
    - SwiftyJSON

SPEC CHECKSUMS:
  Alamofire: 814429acc853c6c54ff123fc3d2ef66803823ce0
  IQKeyboardManagerSwift: c7df9d2deb356c04522f5c4b7b6e4ce4d8ed94fe
  NVActivityIndicatorView: 738e843cb8924e9e4fc3e559d0728031624bf860
  SCLAlertView: 6a77bb2edfc65e04dbe57725546cb4107a506b85
  SDWebImage: 62ae4a18473520c67b79e9724c31a63599cc9423
  SKCountryPicker: 7ad1e7dfb482cfb26855e33c2d70dbf1eaf218fe
  SVProgressHUD: 1428aafac632c1f86f62aa4243ec12008d7a51d6
  SwiftyJSON: 36413e04c44ee145039d332b4f4e2d3e8d6c4db7

PODFILE CHECKSUM: bd77ceb20b8ad78718ce44bb1fbb413f586e17fb

COCOAPODS: 1.9.3
