// !$*UTF8*$!
{
	archiveVersion = 1;
	classes = {
	};
	objectVersion = 50;
	objects = {

/* Begin PBXBuildFile section */
		EE0887C72508998300FC8FDB /* DashBoardCategoriesVC.swift in Sources */ = {isa = PBXBuildFile; fileRef = EE0887C62508998300FC8FDB /* DashBoardCategoriesVC.swift */; };
		EE0D3435250A1B1A00CA77A1 /* UpdatePasswordVC.swift in Sources */ = {isa = PBXBuildFile; fileRef = EE0D3434250A1B1A00CA77A1 /* UpdatePasswordVC.swift */; };
		EE25617A2509EFD2001C54AA /* TrackYourOrderVC.swift in Sources */ = {isa = PBXBuildFile; fileRef = EE2561792509EFD2001C54AA /* TrackYourOrderVC.swift */; };
		EE25617C2509FEE3001C54AA /* MyOrderVC.swift in Sources */ = {isa = PBXBuildFile; fileRef = EE25617B2509FEE3001C54AA /* MyOrderVC.swift */; };
		EE318C232510703F00160640 /* ForgotPasswordVC.swift in Sources */ = {isa = PBXBuildFile; fileRef = EE318C222510703F00160640 /* ForgotPasswordVC.swift */; };
		EE31C6CB250774DF00E87E98 /* AppDelegate.swift in Sources */ = {isa = PBXBuildFile; fileRef = EE31C6CA250774DF00E87E98 /* AppDelegate.swift */; };
		EE31C6CD250774DF00E87E98 /* SceneDelegate.swift in Sources */ = {isa = PBXBuildFile; fileRef = EE31C6CC250774DF00E87E98 /* SceneDelegate.swift */; };
		EE31C6D2250774DF00E87E98 /* Main.storyboard in Resources */ = {isa = PBXBuildFile; fileRef = EE31C6D0250774DF00E87E98 /* Main.storyboard */; };
		EE31C6D5250774DF00E87E98 /* ChappanBhog.xcdatamodeld in Sources */ = {isa = PBXBuildFile; fileRef = EE31C6D3250774DF00E87E98 /* ChappanBhog.xcdatamodeld */; };
		EE31C6D7250774E300E87E98 /* Assets.xcassets in Resources */ = {isa = PBXBuildFile; fileRef = EE31C6D6250774E300E87E98 /* Assets.xcassets */; };
		EE31C6DA250774E300E87E98 /* LaunchScreen.storyboard in Resources */ = {isa = PBXBuildFile; fileRef = EE31C6D8250774E300E87E98 /* LaunchScreen.storyboard */; };
		EE31C6E5250774E300E87E98 /* ChappanBhogTests.swift in Sources */ = {isa = PBXBuildFile; fileRef = EE31C6E4250774E300E87E98 /* ChappanBhogTests.swift */; };
		EE31C6F0250774E300E87E98 /* ChappanBhogUITests.swift in Sources */ = {isa = PBXBuildFile; fileRef = EE31C6EF250774E300E87E98 /* ChappanBhogUITests.swift */; };
		EE31C704250777C800E87E98 /* SplashVC.swift in Sources */ = {isa = PBXBuildFile; fileRef = EE31C703250777C800E87E98 /* SplashVC.swift */; };
		EE31C70625078A9200E87E98 /* SignInVC.swift in Sources */ = {isa = PBXBuildFile; fileRef = EE31C70525078A9200E87E98 /* SignInVC.swift */; };
		EE31C70825078B8700E87E98 /* RegisterVC.swift in Sources */ = {isa = PBXBuildFile; fileRef = EE31C70725078B8700E87E98 /* RegisterVC.swift */; };
		EE31C70A2507931600E87E98 /* VerifyPhoneVC.swift in Sources */ = {isa = PBXBuildFile; fileRef = EE31C7092507931600E87E98 /* VerifyPhoneVC.swift */; };
		EE31C70C2507B03B00E87E98 /* DashBoardVC.swift in Sources */ = {isa = PBXBuildFile; fileRef = EE31C70B2507B03B00E87E98 /* DashBoardVC.swift */; };
		EE31C70F2507BA0900E87E98 /* TopPicsTableCell.swift in Sources */ = {isa = PBXBuildFile; fileRef = EE31C70E2507BA0900E87E98 /* TopPicsTableCell.swift */; };
		EE458EE5250BA63B00BAA7E7 /* OurMenuVC.swift in Sources */ = {isa = PBXBuildFile; fileRef = EE458EE4250BA63B00BAA7E7 /* OurMenuVC.swift */; };
		EE458EE7250BAB2300BAA7E7 /* NotificationsVC.swift in Sources */ = {isa = PBXBuildFile; fileRef = EE458EE6250BAB2300BAA7E7 /* NotificationsVC.swift */; };
		EE52F4B12509D3F00026BE68 /* UIColor+NewColors.swift in Sources */ = {isa = PBXBuildFile; fileRef = EE52F4B02509D3F00026BE68 /* UIColor+NewColors.swift */; };
		EE52F4B32509D4440026BE68 /* Uiview+IBinspectable.swift in Sources */ = {isa = PBXBuildFile; fileRef = EE52F4B22509D4440026BE68 /* Uiview+IBinspectable.swift */; };
		EE52F4B52509D5250026BE68 /* Inspectable.swift in Sources */ = {isa = PBXBuildFile; fileRef = EE52F4B42509D5250026BE68 /* Inspectable.swift */; };
		EE5E384B250BB82300DCDE18 /* ProductInfoVC.swift in Sources */ = {isa = PBXBuildFile; fileRef = EE5E384A250BB82300DCDE18 /* ProductInfoVC.swift */; };
		EE82482725090EDC00C263F1 /* AboutVCcontact.swift in Sources */ = {isa = PBXBuildFile; fileRef = EE82482625090EDC00C263F1 /* AboutVCcontact.swift */; };
		EE8248292509152100C263F1 /* Colors.xcassets in Resources */ = {isa = PBXBuildFile; fileRef = EE8248282509152100C263F1 /* Colors.xcassets */; };
		EE82482C25093F0700C263F1 /* CartViewVC.swift in Sources */ = {isa = PBXBuildFile; fileRef = EE82482B25093F0700C263F1 /* CartViewVC.swift */; };
		EE82482E25093FD500C263F1 /* CartTableCell.swift in Sources */ = {isa = PBXBuildFile; fileRef = EE82482D25093FD500C263F1 /* CartTableCell.swift */; };
		EE8248302509438800C263F1 /* PaymentVC.swift in Sources */ = {isa = PBXBuildFile; fileRef = EE82482F2509438800C263F1 /* PaymentVC.swift */; };
		EEA13A0D250F563A004E9252 /* CommonMethods.swift in Sources */ = {isa = PBXBuildFile; fileRef = EEA13A0C250F5639004E9252 /* CommonMethods.swift */; };
		EEA13A0F250F5685004E9252 /* SidMenuVC.swift in Sources */ = {isa = PBXBuildFile; fileRef = EEA13A0E250F5685004E9252 /* SidMenuVC.swift */; };
		EEA76BBE250E80EB00B11560 /* searchRecordVC.swift in Sources */ = {isa = PBXBuildFile; fileRef = EEA76BBD250E80EB00B11560 /* searchRecordVC.swift */; };
		EEA8EF8D2508D73100DFD80F /* Constants.swift in Sources */ = {isa = PBXBuildFile; fileRef = EEA8EF8C2508D73100DFD80F /* Constants.swift */; };
		EEA8EF8F2508DB3C00DFD80F /* AboutVC.swift in Sources */ = {isa = PBXBuildFile; fileRef = EEA8EF8E2508DB3C00DFD80F /* AboutVC.swift */; };
		EEA8EF9C2508DC5C00DFD80F /* Brandon_reg_it.otf in Resources */ = {isa = PBXBuildFile; fileRef = EEA8EF902508DC5B00DFD80F /* Brandon_reg_it.otf */; };
		EEA8EF9D2508DC5C00DFD80F /* Brandon_light_it.otf in Resources */ = {isa = PBXBuildFile; fileRef = EEA8EF912508DC5B00DFD80F /* Brandon_light_it.otf */; };
		EEA8EF9E2508DC5C00DFD80F /* Brandon_thin.otf in Resources */ = {isa = PBXBuildFile; fileRef = EEA8EF922508DC5B00DFD80F /* Brandon_thin.otf */; };
		EEA8EF9F2508DC5C00DFD80F /* Brandon_thin_it.otf in Resources */ = {isa = PBXBuildFile; fileRef = EEA8EF932508DC5B00DFD80F /* Brandon_thin_it.otf */; };
		EEA8EFA02508DC5C00DFD80F /* Brandon_bld_it.otf in Resources */ = {isa = PBXBuildFile; fileRef = EEA8EF942508DC5B00DFD80F /* Brandon_bld_it.otf */; };
		EEA8EFA12508DC5C00DFD80F /* Brandon_blk_it.otf in Resources */ = {isa = PBXBuildFile; fileRef = EEA8EF952508DC5B00DFD80F /* Brandon_blk_it.otf */; };
		EEA8EFA22508DC5C00DFD80F /* Brandon_bld.otf in Resources */ = {isa = PBXBuildFile; fileRef = EEA8EF962508DC5B00DFD80F /* Brandon_bld.otf */; };
		EEA8EFA32508DC5C00DFD80F /* Brandon_med.otf in Resources */ = {isa = PBXBuildFile; fileRef = EEA8EF972508DC5B00DFD80F /* Brandon_med.otf */; };
		EEA8EFA42508DC5C00DFD80F /* Brandon_light.otf in Resources */ = {isa = PBXBuildFile; fileRef = EEA8EF982508DC5B00DFD80F /* Brandon_light.otf */; };
		EEA8EFA52508DC5C00DFD80F /* Brandon_blk.otf in Resources */ = {isa = PBXBuildFile; fileRef = EEA8EF992508DC5B00DFD80F /* Brandon_blk.otf */; };
		EEA8EFA62508DC5C00DFD80F /* Brandon_reg.otf in Resources */ = {isa = PBXBuildFile; fileRef = EEA8EF9A2508DC5C00DFD80F /* Brandon_reg.otf */; };
		EEA8EFA72508DC5C00DFD80F /* Brandon_med_it.otf in Resources */ = {isa = PBXBuildFile; fileRef = EEA8EF9B2508DC5C00DFD80F /* Brandon_med_it.otf */; };
		EEA8EFA92508DC7F00DFD80F /* Login.storyboard in Resources */ = {isa = PBXBuildFile; fileRef = EEA8EFA82508DC7F00DFD80F /* Login.storyboard */; };
		EEA8EFAB2508DC8F00DFD80F /* DashBoard.storyboard in Resources */ = {isa = PBXBuildFile; fileRef = EEA8EFAA2508DC8F00DFD80F /* DashBoard.storyboard */; };
		EEC5EA1A25116A8600E5529F /* sideMenu.swift in Sources */ = {isa = PBXBuildFile; fileRef = EEC5EA1825116A8600E5529F /* sideMenu.swift */; };
		EEC5EA1B25116A8600E5529F /* sideMenu.xib in Resources */ = {isa = PBXBuildFile; fileRef = EEC5EA1925116A8600E5529F /* sideMenu.xib */; };
		EECDFF17250FE99E000B293C /* CountryCodesViewController.swift in Sources */ = {isa = PBXBuildFile; fileRef = EECDFF16250FE99E000B293C /* CountryCodesViewController.swift */; };
		EECDFF19250FE9FF000B293C /* CountryCodeCell.swift in Sources */ = {isa = PBXBuildFile; fileRef = EECDFF18250FE9FF000B293C /* CountryCodeCell.swift */; };
		EECDFF1B250FEB18000B293C /* Extensions.swift in Sources */ = {isa = PBXBuildFile; fileRef = EECDFF1A250FEB18000B293C /* Extensions.swift */; };
		EEDD1B1F250B8AC0000671EA /* ManageAddressVC.swift in Sources */ = {isa = PBXBuildFile; fileRef = EEDD1B1E250B8AC0000671EA /* ManageAddressVC.swift */; };
		EEDD1B21250B9598000671EA /* MyAccountVC.swift in Sources */ = {isa = PBXBuildFile; fileRef = EEDD1B20250B9598000671EA /* MyAccountVC.swift */; };
		EEEF99BA250F8CE2001DE12F /* countryContainer.swift in Sources */ = {isa = PBXBuildFile; fileRef = EEEF99B9250F8CE2001DE12F /* countryContainer.swift */; };
		EEEF99BC250F909E001DE12F /* CountryCodes.swift in Sources */ = {isa = PBXBuildFile; fileRef = EEEF99BB250F909E001DE12F /* CountryCodes.swift */; };
/* End PBXBuildFile section */

/* Begin PBXContainerItemProxy section */
		EE31C6E1250774E300E87E98 /* PBXContainerItemProxy */ = {
			isa = PBXContainerItemProxy;
			containerPortal = EE31C6BF250774DF00E87E98 /* Project object */;
			proxyType = 1;
			remoteGlobalIDString = EE31C6C6250774DF00E87E98;
			remoteInfo = ChappanBhog;
		};
		EE31C6EC250774E300E87E98 /* PBXContainerItemProxy */ = {
			isa = PBXContainerItemProxy;
			containerPortal = EE31C6BF250774DF00E87E98 /* Project object */;
			proxyType = 1;
			remoteGlobalIDString = EE31C6C6250774DF00E87E98;
			remoteInfo = ChappanBhog;
		};
/* End PBXContainerItemProxy section */

/* Begin PBXFileReference section */
		EE0887C62508998300FC8FDB /* DashBoardCategoriesVC.swift */ = {isa = PBXFileReference; lastKnownFileType = sourcecode.swift; path = DashBoardCategoriesVC.swift; sourceTree = "<group>"; };
		EE0D3434250A1B1A00CA77A1 /* UpdatePasswordVC.swift */ = {isa = PBXFileReference; lastKnownFileType = sourcecode.swift; path = UpdatePasswordVC.swift; sourceTree = "<group>"; };
		EE2561792509EFD2001C54AA /* TrackYourOrderVC.swift */ = {isa = PBXFileReference; lastKnownFileType = sourcecode.swift; path = TrackYourOrderVC.swift; sourceTree = "<group>"; };
		EE25617B2509FEE3001C54AA /* MyOrderVC.swift */ = {isa = PBXFileReference; lastKnownFileType = sourcecode.swift; path = MyOrderVC.swift; sourceTree = "<group>"; };
		EE318C222510703F00160640 /* ForgotPasswordVC.swift */ = {isa = PBXFileReference; lastKnownFileType = sourcecode.swift; path = ForgotPasswordVC.swift; sourceTree = "<group>"; };
		EE31C6C7250774DF00E87E98 /* ChappanBhog.app */ = {isa = PBXFileReference; explicitFileType = wrapper.application; includeInIndex = 0; path = ChappanBhog.app; sourceTree = BUILT_PRODUCTS_DIR; };
		EE31C6CA250774DF00E87E98 /* AppDelegate.swift */ = {isa = PBXFileReference; lastKnownFileType = sourcecode.swift; path = AppDelegate.swift; sourceTree = "<group>"; };
		EE31C6CC250774DF00E87E98 /* SceneDelegate.swift */ = {isa = PBXFileReference; lastKnownFileType = sourcecode.swift; path = SceneDelegate.swift; sourceTree = "<group>"; };
		EE31C6D1250774DF00E87E98 /* Base */ = {isa = PBXFileReference; lastKnownFileType = file.storyboard; name = Base; path = Base.lproj/Main.storyboard; sourceTree = "<group>"; };
		EE31C6D4250774DF00E87E98 /* ChappanBhog.xcdatamodel */ = {isa = PBXFileReference; lastKnownFileType = wrapper.xcdatamodel; path = ChappanBhog.xcdatamodel; sourceTree = "<group>"; };
		EE31C6D6250774E300E87E98 /* Assets.xcassets */ = {isa = PBXFileReference; lastKnownFileType = folder.assetcatalog; path = Assets.xcassets; sourceTree = "<group>"; };
		EE31C6D9250774E300E87E98 /* Base */ = {isa = PBXFileReference; lastKnownFileType = file.storyboard; name = Base; path = Base.lproj/LaunchScreen.storyboard; sourceTree = "<group>"; };
		EE31C6DB250774E300E87E98 /* Info.plist */ = {isa = PBXFileReference; lastKnownFileType = text.plist.xml; path = Info.plist; sourceTree = "<group>"; };
		EE31C6E0250774E300E87E98 /* ChappanBhogTests.xctest */ = {isa = PBXFileReference; explicitFileType = wrapper.cfbundle; includeInIndex = 0; path = ChappanBhogTests.xctest; sourceTree = BUILT_PRODUCTS_DIR; };
		EE31C6E4250774E300E87E98 /* ChappanBhogTests.swift */ = {isa = PBXFileReference; lastKnownFileType = sourcecode.swift; path = ChappanBhogTests.swift; sourceTree = "<group>"; };
		EE31C6E6250774E300E87E98 /* Info.plist */ = {isa = PBXFileReference; lastKnownFileType = text.plist.xml; path = Info.plist; sourceTree = "<group>"; };
		EE31C6EB250774E300E87E98 /* ChappanBhogUITests.xctest */ = {isa = PBXFileReference; explicitFileType = wrapper.cfbundle; includeInIndex = 0; path = ChappanBhogUITests.xctest; sourceTree = BUILT_PRODUCTS_DIR; };
		EE31C6EF250774E300E87E98 /* ChappanBhogUITests.swift */ = {isa = PBXFileReference; lastKnownFileType = sourcecode.swift; path = ChappanBhogUITests.swift; sourceTree = "<group>"; };
		EE31C6F1250774E300E87E98 /* Info.plist */ = {isa = PBXFileReference; lastKnownFileType = text.plist.xml; path = Info.plist; sourceTree = "<group>"; };
		EE31C703250777C800E87E98 /* SplashVC.swift */ = {isa = PBXFileReference; lastKnownFileType = sourcecode.swift; path = SplashVC.swift; sourceTree = "<group>"; };
		EE31C70525078A9200E87E98 /* SignInVC.swift */ = {isa = PBXFileReference; lastKnownFileType = sourcecode.swift; path = SignInVC.swift; sourceTree = "<group>"; };
		EE31C70725078B8700E87E98 /* RegisterVC.swift */ = {isa = PBXFileReference; lastKnownFileType = sourcecode.swift; path = RegisterVC.swift; sourceTree = "<group>"; };
		EE31C7092507931600E87E98 /* VerifyPhoneVC.swift */ = {isa = PBXFileReference; lastKnownFileType = sourcecode.swift; path = VerifyPhoneVC.swift; sourceTree = "<group>"; };
		EE31C70B2507B03B00E87E98 /* DashBoardVC.swift */ = {isa = PBXFileReference; lastKnownFileType = sourcecode.swift; path = DashBoardVC.swift; sourceTree = "<group>"; };
		EE31C70E2507BA0900E87E98 /* TopPicsTableCell.swift */ = {isa = PBXFileReference; lastKnownFileType = sourcecode.swift; path = TopPicsTableCell.swift; sourceTree = "<group>"; };
		EE458EE4250BA63B00BAA7E7 /* OurMenuVC.swift */ = {isa = PBXFileReference; lastKnownFileType = sourcecode.swift; path = OurMenuVC.swift; sourceTree = "<group>"; };
		EE458EE6250BAB2300BAA7E7 /* NotificationsVC.swift */ = {isa = PBXFileReference; lastKnownFileType = sourcecode.swift; path = NotificationsVC.swift; sourceTree = "<group>"; };
		EE52F4B02509D3F00026BE68 /* UIColor+NewColors.swift */ = {isa = PBXFileReference; lastKnownFileType = sourcecode.swift; path = "UIColor+NewColors.swift"; sourceTree = "<group>"; };
		EE52F4B22509D4440026BE68 /* Uiview+IBinspectable.swift */ = {isa = PBXFileReference; lastKnownFileType = sourcecode.swift; path = "Uiview+IBinspectable.swift"; sourceTree = "<group>"; };
		EE52F4B42509D5250026BE68 /* Inspectable.swift */ = {isa = PBXFileReference; lastKnownFileType = sourcecode.swift; path = Inspectable.swift; sourceTree = "<group>"; };
		EE5E384A250BB82300DCDE18 /* ProductInfoVC.swift */ = {isa = PBXFileReference; lastKnownFileType = sourcecode.swift; path = ProductInfoVC.swift; sourceTree = "<group>"; };
		EE82482625090EDC00C263F1 /* AboutVCcontact.swift */ = {isa = PBXFileReference; lastKnownFileType = sourcecode.swift; path = AboutVCcontact.swift; sourceTree = "<group>"; };
		EE8248282509152100C263F1 /* Colors.xcassets */ = {isa = PBXFileReference; lastKnownFileType = folder.assetcatalog; path = Colors.xcassets; sourceTree = "<group>"; };
		EE82482B25093F0700C263F1 /* CartViewVC.swift */ = {isa = PBXFileReference; lastKnownFileType = sourcecode.swift; path = CartViewVC.swift; sourceTree = "<group>"; };
		EE82482D25093FD500C263F1 /* CartTableCell.swift */ = {isa = PBXFileReference; lastKnownFileType = sourcecode.swift; path = CartTableCell.swift; sourceTree = "<group>"; };
		EE82482F2509438800C263F1 /* PaymentVC.swift */ = {isa = PBXFileReference; lastKnownFileType = sourcecode.swift; path = PaymentVC.swift; sourceTree = "<group>"; };
		EEA13A0C250F5639004E9252 /* CommonMethods.swift */ = {isa = PBXFileReference; lastKnownFileType = sourcecode.swift; path = CommonMethods.swift; sourceTree = "<group>"; };
		EEA13A0E250F5685004E9252 /* SidMenuVC.swift */ = {isa = PBXFileReference; lastKnownFileType = sourcecode.swift; path = SidMenuVC.swift; sourceTree = "<group>"; };
		EEA76BBD250E80EB00B11560 /* searchRecordVC.swift */ = {isa = PBXFileReference; lastKnownFileType = sourcecode.swift; path = searchRecordVC.swift; sourceTree = "<group>"; };
		EEA8EF8C2508D73100DFD80F /* Constants.swift */ = {isa = PBXFileReference; lastKnownFileType = sourcecode.swift; path = Constants.swift; sourceTree = "<group>"; };
		EEA8EF8E2508DB3C00DFD80F /* AboutVC.swift */ = {isa = PBXFileReference; lastKnownFileType = sourcecode.swift; path = AboutVC.swift; sourceTree = "<group>"; };
		EEA8EF902508DC5B00DFD80F /* Brandon_reg_it.otf */ = {isa = PBXFileReference; lastKnownFileType = file; path = Brandon_reg_it.otf; sourceTree = "<group>"; };
		EEA8EF912508DC5B00DFD80F /* Brandon_light_it.otf */ = {isa = PBXFileReference; lastKnownFileType = file; path = Brandon_light_it.otf; sourceTree = "<group>"; };
		EEA8EF922508DC5B00DFD80F /* Brandon_thin.otf */ = {isa = PBXFileReference; lastKnownFileType = file; path = Brandon_thin.otf; sourceTree = "<group>"; };
		EEA8EF932508DC5B00DFD80F /* Brandon_thin_it.otf */ = {isa = PBXFileReference; lastKnownFileType = file; path = Brandon_thin_it.otf; sourceTree = "<group>"; };
		EEA8EF942508DC5B00DFD80F /* Brandon_bld_it.otf */ = {isa = PBXFileReference; lastKnownFileType = file; path = Brandon_bld_it.otf; sourceTree = "<group>"; };
		EEA8EF952508DC5B00DFD80F /* Brandon_blk_it.otf */ = {isa = PBXFileReference; lastKnownFileType = file; path = Brandon_blk_it.otf; sourceTree = "<group>"; };
		EEA8EF962508DC5B00DFD80F /* Brandon_bld.otf */ = {isa = PBXFileReference; lastKnownFileType = file; path = Brandon_bld.otf; sourceTree = "<group>"; };
		EEA8EF972508DC5B00DFD80F /* Brandon_med.otf */ = {isa = PBXFileReference; lastKnownFileType = file; path = Brandon_med.otf; sourceTree = "<group>"; };
		EEA8EF982508DC5B00DFD80F /* Brandon_light.otf */ = {isa = PBXFileReference; lastKnownFileType = file; path = Brandon_light.otf; sourceTree = "<group>"; };
		EEA8EF992508DC5B00DFD80F /* Brandon_blk.otf */ = {isa = PBXFileReference; lastKnownFileType = file; path = Brandon_blk.otf; sourceTree = "<group>"; };
		EEA8EF9A2508DC5C00DFD80F /* Brandon_reg.otf */ = {isa = PBXFileReference; lastKnownFileType = file; path = Brandon_reg.otf; sourceTree = "<group>"; };
		EEA8EF9B2508DC5C00DFD80F /* Brandon_med_it.otf */ = {isa = PBXFileReference; lastKnownFileType = file; path = Brandon_med_it.otf; sourceTree = "<group>"; };
		EEA8EFA82508DC7F00DFD80F /* Login.storyboard */ = {isa = PBXFileReference; lastKnownFileType = file.storyboard; path = Login.storyboard; sourceTree = "<group>"; };
		EEA8EFAA2508DC8F00DFD80F /* DashBoard.storyboard */ = {isa = PBXFileReference; lastKnownFileType = file.storyboard; path = DashBoard.storyboard; sourceTree = "<group>"; };
		EEC5EA1825116A8600E5529F /* sideMenu.swift */ = {isa = PBXFileReference; lastKnownFileType = sourcecode.swift; path = sideMenu.swift; sourceTree = "<group>"; };
		EEC5EA1925116A8600E5529F /* sideMenu.xib */ = {isa = PBXFileReference; lastKnownFileType = file.xib; path = sideMenu.xib; sourceTree = "<group>"; };
		EECDFF16250FE99E000B293C /* CountryCodesViewController.swift */ = {isa = PBXFileReference; lastKnownFileType = sourcecode.swift; path = CountryCodesViewController.swift; sourceTree = "<group>"; };
		EECDFF18250FE9FF000B293C /* CountryCodeCell.swift */ = {isa = PBXFileReference; lastKnownFileType = sourcecode.swift; path = CountryCodeCell.swift; sourceTree = "<group>"; };
		EECDFF1A250FEB18000B293C /* Extensions.swift */ = {isa = PBXFileReference; lastKnownFileType = sourcecode.swift; path = Extensions.swift; sourceTree = "<group>"; };
		EEDD1B1E250B8AC0000671EA /* ManageAddressVC.swift */ = {isa = PBXFileReference; lastKnownFileType = sourcecode.swift; path = ManageAddressVC.swift; sourceTree = "<group>"; };
		EEDD1B20250B9598000671EA /* MyAccountVC.swift */ = {isa = PBXFileReference; lastKnownFileType = sourcecode.swift; path = MyAccountVC.swift; sourceTree = "<group>"; };
		EEEF99B9250F8CE2001DE12F /* countryContainer.swift */ = {isa = PBXFileReference; lastKnownFileType = sourcecode.swift; path = countryContainer.swift; sourceTree = "<group>"; };
		EEEF99BB250F909E001DE12F /* CountryCodes.swift */ = {isa = PBXFileReference; lastKnownFileType = sourcecode.swift; path = CountryCodes.swift; sourceTree = "<group>"; };
/* End PBXFileReference section */

/* Begin PBXFrameworksBuildPhase section */
		EE31C6C4250774DF00E87E98 /* Frameworks */ = {
			isa = PBXFrameworksBuildPhase;
			buildActionMask = 2147483647;
			files = (
			);
			runOnlyForDeploymentPostprocessing = 0;
		};
		EE31C6DD250774E300E87E98 /* Frameworks */ = {
			isa = PBXFrameworksBuildPhase;
			buildActionMask = 2147483647;
			files = (
			);
			runOnlyForDeploymentPostprocessing = 0;
		};
		EE31C6E8250774E300E87E98 /* Frameworks */ = {
			isa = PBXFrameworksBuildPhase;
			buildActionMask = 2147483647;
			files = (
			);
			runOnlyForDeploymentPostprocessing = 0;
		};
/* End PBXFrameworksBuildPhase section */

/* Begin PBXGroup section */
		EE0887C825089C6F00FC8FDB /* Fonts */ = {
			isa = PBXGroup;
			children = (
				EEA8EF942508DC5B00DFD80F /* Brandon_bld_it.otf */,
				EEA8EF962508DC5B00DFD80F /* Brandon_bld.otf */,
				EEA8EF952508DC5B00DFD80F /* Brandon_blk_it.otf */,
				EEA8EF992508DC5B00DFD80F /* Brandon_blk.otf */,
				EEA8EF912508DC5B00DFD80F /* Brandon_light_it.otf */,
				EEA8EF982508DC5B00DFD80F /* Brandon_light.otf */,
				EEA8EF9B2508DC5C00DFD80F /* Brandon_med_it.otf */,
				EEA8EF972508DC5B00DFD80F /* Brandon_med.otf */,
				EEA8EF902508DC5B00DFD80F /* Brandon_reg_it.otf */,
				EEA8EF9A2508DC5C00DFD80F /* Brandon_reg.otf */,
				EEA8EF932508DC5B00DFD80F /* Brandon_thin_it.otf */,
				EEA8EF922508DC5B00DFD80F /* Brandon_thin.otf */,
			);
			path = Fonts;
			sourceTree = "<group>";
		};
		EE0887CA25089C8D00FC8FDB /* Helpers */ = {
			isa = PBXGroup;
			children = (
				EECDFF1C250FEB83000B293C /* CountryCodes */,
				EEA8EF8C2508D73100DFD80F /* Constants.swift */,
				EECDFF1A250FEB18000B293C /* Extensions.swift */,
				EEA13A0C250F5639004E9252 /* CommonMethods.swift */,
				EE52F4B02509D3F00026BE68 /* UIColor+NewColors.swift */,
				EE52F4B22509D4440026BE68 /* Uiview+IBinspectable.swift */,
				EE52F4B42509D5250026BE68 /* Inspectable.swift */,
				EEEF99BB250F909E001DE12F /* CountryCodes.swift */,
				EE0887C825089C6F00FC8FDB /* Fonts */,
			);
			path = Helpers;
			sourceTree = "<group>";
		};
		EE31C6BE250774DF00E87E98 = {
			isa = PBXGroup;
			children = (
				EE31C6C9250774DF00E87E98 /* ChappanBhog */,
				EE31C6E3250774E300E87E98 /* ChappanBhogTests */,
				EE31C6EE250774E300E87E98 /* ChappanBhogUITests */,
				EE31C6C8250774DF00E87E98 /* Products */,
			);
			sourceTree = "<group>";
		};
		EE31C6C8250774DF00E87E98 /* Products */ = {
			isa = PBXGroup;
			children = (
				EE31C6C7250774DF00E87E98 /* ChappanBhog.app */,
				EE31C6E0250774E300E87E98 /* ChappanBhogTests.xctest */,
				EE31C6EB250774E300E87E98 /* ChappanBhogUITests.xctest */,
			);
			name = Products;
			sourceTree = "<group>";
		};
		EE31C6C9250774DF00E87E98 /* ChappanBhog */ = {
			isa = PBXGroup;
			children = (
				EE0887CA25089C8D00FC8FDB /* Helpers */,
				EE31C7022507762F00E87E98 /* Models */,
				EE31C6FD250775B900E87E98 /* Delegates */,
				EE31C6FE250775CC00E87E98 /* Story Boards */,
				EE31C7012507760600E87E98 /* View Controllers */,
				EE82482A2509152700C263F1 /* Assets */,
				EE31C6D8250774E300E87E98 /* LaunchScreen.storyboard */,
				EE31C6DB250774E300E87E98 /* Info.plist */,
				EE31C6D3250774DF00E87E98 /* ChappanBhog.xcdatamodeld */,
			);
			path = ChappanBhog;
			sourceTree = "<group>";
		};
		EE31C6E3250774E300E87E98 /* ChappanBhogTests */ = {
			isa = PBXGroup;
			children = (
				EE31C6E4250774E300E87E98 /* ChappanBhogTests.swift */,
				EE31C6E6250774E300E87E98 /* Info.plist */,
			);
			path = ChappanBhogTests;
			sourceTree = "<group>";
		};
		EE31C6EE250774E300E87E98 /* ChappanBhogUITests */ = {
			isa = PBXGroup;
			children = (
				EE31C6EF250774E300E87E98 /* ChappanBhogUITests.swift */,
				EE31C6F1250774E300E87E98 /* Info.plist */,
			);
			path = ChappanBhogUITests;
			sourceTree = "<group>";
		};
		EE31C6FD250775B900E87E98 /* Delegates */ = {
			isa = PBXGroup;
			children = (
				EE31C6CA250774DF00E87E98 /* AppDelegate.swift */,
				EE31C6CC250774DF00E87E98 /* SceneDelegate.swift */,
			);
			path = Delegates;
			sourceTree = "<group>";
		};
		EE31C6FE250775CC00E87E98 /* Story Boards */ = {
			isa = PBXGroup;
			children = (
				EEA8EFAA2508DC8F00DFD80F /* DashBoard.storyboard */,
				EEA8EFA82508DC7F00DFD80F /* Login.storyboard */,
				EE31C6D0250774DF00E87E98 /* Main.storyboard */,
			);
			path = "Story Boards";
			sourceTree = "<group>";
		};
		EE31C7012507760600E87E98 /* View Controllers */ = {
			isa = PBXGroup;
			children = (
				EEC5EA1725116A5E00E5529F /* SideMenu */,
				EE31C70D2507B9ED00E87E98 /* Cells */,
				EE31C703250777C800E87E98 /* SplashVC.swift */,
				EE31C70525078A9200E87E98 /* SignInVC.swift */,
				EECDFF16250FE99E000B293C /* CountryCodesViewController.swift */,
				EE31C70725078B8700E87E98 /* RegisterVC.swift */,
				EE31C7092507931600E87E98 /* VerifyPhoneVC.swift */,
				EE31C70B2507B03B00E87E98 /* DashBoardVC.swift */,
				EE318C222510703F00160640 /* ForgotPasswordVC.swift */,
				EE0887C62508998300FC8FDB /* DashBoardCategoriesVC.swift */,
				EEA8EF8E2508DB3C00DFD80F /* AboutVC.swift */,
				EEEF99B9250F8CE2001DE12F /* countryContainer.swift */,
				EE82482625090EDC00C263F1 /* AboutVCcontact.swift */,
				EE82482F2509438800C263F1 /* PaymentVC.swift */,
				EE2561792509EFD2001C54AA /* TrackYourOrderVC.swift */,
				EE82482B25093F0700C263F1 /* CartViewVC.swift */,
				EEA13A0E250F5685004E9252 /* SidMenuVC.swift */,
				EE0D3434250A1B1A00CA77A1 /* UpdatePasswordVC.swift */,
				EE25617B2509FEE3001C54AA /* MyOrderVC.swift */,
				EEDD1B20250B9598000671EA /* MyAccountVC.swift */,
				EEDD1B1E250B8AC0000671EA /* ManageAddressVC.swift */,
				EE458EE4250BA63B00BAA7E7 /* OurMenuVC.swift */,
				EE458EE6250BAB2300BAA7E7 /* NotificationsVC.swift */,
				EE5E384A250BB82300DCDE18 /* ProductInfoVC.swift */,
				EEA76BBD250E80EB00B11560 /* searchRecordVC.swift */,
			);
			path = "View Controllers";
			sourceTree = "<group>";
		};
		EE31C7022507762F00E87E98 /* Models */ = {
			isa = PBXGroup;
			children = (
			);
			path = Models;
			sourceTree = "<group>";
		};
		EE31C70D2507B9ED00E87E98 /* Cells */ = {
			isa = PBXGroup;
			children = (
				EE31C70E2507BA0900E87E98 /* TopPicsTableCell.swift */,
				EECDFF18250FE9FF000B293C /* CountryCodeCell.swift */,
				EE82482D25093FD500C263F1 /* CartTableCell.swift */,
			);
			path = Cells;
			sourceTree = "<group>";
		};
		EE82482A2509152700C263F1 /* Assets */ = {
			isa = PBXGroup;
			children = (
				EE31C6D6250774E300E87E98 /* Assets.xcassets */,
				EE8248282509152100C263F1 /* Colors.xcassets */,
			);
			path = Assets;
			sourceTree = "<group>";
		};
		EEC5EA1725116A5E00E5529F /* SideMenu */ = {
			isa = PBXGroup;
			children = (
				EEC5EA1825116A8600E5529F /* sideMenu.swift */,
				EEC5EA1925116A8600E5529F /* sideMenu.xib */,
			);
			path = SideMenu;
			sourceTree = "<group>";
		};
		EECDFF1C250FEB83000B293C /* CountryCodes */ = {
			isa = PBXGroup;
			children = (
			);
			path = CountryCodes;
			sourceTree = "<group>";
		};
/* End PBXGroup section */

/* Begin PBXNativeTarget section */
		EE31C6C6250774DF00E87E98 /* ChappanBhog */ = {
			isa = PBXNativeTarget;
			buildConfigurationList = EE31C6F4250774E300E87E98 /* Build configuration list for PBXNativeTarget "ChappanBhog" */;
			buildPhases = (
				EE31C6C3250774DF00E87E98 /* Sources */,
				EE31C6C4250774DF00E87E98 /* Frameworks */,
				EE31C6C5250774DF00E87E98 /* Resources */,
			);
			buildRules = (
			);
			dependencies = (
			);
			name = ChappanBhog;
			productName = ChappanBhog;
			productReference = EE31C6C7250774DF00E87E98 /* ChappanBhog.app */;
			productType = "com.apple.product-type.application";
		};
		EE31C6DF250774E300E87E98 /* ChappanBhogTests */ = {
			isa = PBXNativeTarget;
			buildConfigurationList = EE31C6F7250774E300E87E98 /* Build configuration list for PBXNativeTarget "ChappanBhogTests" */;
			buildPhases = (
				EE31C6DC250774E300E87E98 /* Sources */,
				EE31C6DD250774E300E87E98 /* Frameworks */,
				EE31C6DE250774E300E87E98 /* Resources */,
			);
			buildRules = (
			);
			dependencies = (
				EE31C6E2250774E300E87E98 /* PBXTargetDependency */,
			);
			name = ChappanBhogTests;
			productName = ChappanBhogTests;
			productReference = EE31C6E0250774E300E87E98 /* ChappanBhogTests.xctest */;
			productType = "com.apple.product-type.bundle.unit-test";
		};
		EE31C6EA250774E300E87E98 /* ChappanBhogUITests */ = {
			isa = PBXNativeTarget;
			buildConfigurationList = EE31C6FA250774E300E87E98 /* Build configuration list for PBXNativeTarget "ChappanBhogUITests" */;
			buildPhases = (
				EE31C6E7250774E300E87E98 /* Sources */,
				EE31C6E8250774E300E87E98 /* Frameworks */,
				EE31C6E9250774E300E87E98 /* Resources */,
			);
			buildRules = (
			);
			dependencies = (
				EE31C6ED250774E300E87E98 /* PBXTargetDependency */,
			);
			name = ChappanBhogUITests;
			productName = ChappanBhogUITests;
			productReference = EE31C6EB250774E300E87E98 /* ChappanBhogUITests.xctest */;
			productType = "com.apple.product-type.bundle.ui-testing";
		};
/* End PBXNativeTarget section */

/* Begin PBXProject section */
		EE31C6BF250774DF00E87E98 /* Project object */ = {
			isa = PBXProject;
			attributes = {
				LastSwiftUpdateCheck = 1160;
				LastUpgradeCheck = 1160;
				ORGANIZATIONNAME = AAvula;
				TargetAttributes = {
					EE31C6C6250774DF00E87E98 = {
						CreatedOnToolsVersion = 11.6;
					};
					EE31C6DF250774E300E87E98 = {
						CreatedOnToolsVersion = 11.6;
						TestTargetID = EE31C6C6250774DF00E87E98;
					};
					EE31C6EA250774E300E87E98 = {
						CreatedOnToolsVersion = 11.6;
						TestTargetID = EE31C6C6250774DF00E87E98;
					};
				};
			};
			buildConfigurationList = EE31C6C2250774DF00E87E98 /* Build configuration list for PBXProject "ChappanBhog" */;
			compatibilityVersion = "Xcode 9.3";
			developmentRegion = en;
			hasScannedForEncodings = 0;
			knownRegions = (
				en,
				Base,
			);
			mainGroup = EE31C6BE250774DF00E87E98;
			productRefGroup = EE31C6C8250774DF00E87E98 /* Products */;
			projectDirPath = "";
			projectRoot = "";
			targets = (
				EE31C6C6250774DF00E87E98 /* ChappanBhog */,
				EE31C6DF250774E300E87E98 /* ChappanBhogTests */,
				EE31C6EA250774E300E87E98 /* ChappanBhogUITests */,
			);
		};
/* End PBXProject section */

/* Begin PBXResourcesBuildPhase section */
		EE31C6C5250774DF00E87E98 /* Resources */ = {
			isa = PBXResourcesBuildPhase;
			buildActionMask = 2147483647;
			files = (
				EEA8EFA92508DC7F00DFD80F /* Login.storyboard in Resources */,
				EE31C6DA250774E300E87E98 /* LaunchScreen.storyboard in Resources */,
				EEA8EFA72508DC5C00DFD80F /* Brandon_med_it.otf in Resources */,
				EEC5EA1B25116A8600E5529F /* sideMenu.xib in Resources */,
				EEA8EFA52508DC5C00DFD80F /* Brandon_blk.otf in Resources */,
				EEA8EFAB2508DC8F00DFD80F /* DashBoard.storyboard in Resources */,
				EEA8EF9D2508DC5C00DFD80F /* Brandon_light_it.otf in Resources */,
				EEA8EFA02508DC5C00DFD80F /* Brandon_bld_it.otf in Resources */,
				EE31C6D7250774E300E87E98 /* Assets.xcassets in Resources */,
				EEA8EF9E2508DC5C00DFD80F /* Brandon_thin.otf in Resources */,
				EE8248292509152100C263F1 /* Colors.xcassets in Resources */,
				EEA8EF9C2508DC5C00DFD80F /* Brandon_reg_it.otf in Resources */,
				EEA8EFA62508DC5C00DFD80F /* Brandon_reg.otf in Resources */,
				EEA8EFA12508DC5C00DFD80F /* Brandon_blk_it.otf in Resources */,
				EEA8EFA42508DC5C00DFD80F /* Brandon_light.otf in Resources */,
				EEA8EFA22508DC5C00DFD80F /* Brandon_bld.otf in Resources */,
				EE31C6D2250774DF00E87E98 /* Main.storyboard in Resources */,
				EEA8EFA32508DC5C00DFD80F /* Brandon_med.otf in Resources */,
				EEA8EF9F2508DC5C00DFD80F /* Brandon_thin_it.otf in Resources */,
			);
			runOnlyForDeploymentPostprocessing = 0;
		};
		EE31C6DE250774E300E87E98 /* Resources */ = {
			isa = PBXResourcesBuildPhase;
			buildActionMask = 2147483647;
			files = (
			);
			runOnlyForDeploymentPostprocessing = 0;
		};
		EE31C6E9250774E300E87E98 /* Resources */ = {
			isa = PBXResourcesBuildPhase;
			buildActionMask = 2147483647;
			files = (
			);
			runOnlyForDeploymentPostprocessing = 0;
		};
/* End PBXResourcesBuildPhase section */

/* Begin PBXSourcesBuildPhase section */
		EE31C6C3250774DF00E87E98 /* Sources */ = {
			isa = PBXSourcesBuildPhase;
			buildActionMask = 2147483647;
			files = (
				EE82482725090EDC00C263F1 /* AboutVCcontact.swift in Sources */,
				EECDFF19250FE9FF000B293C /* CountryCodeCell.swift in Sources */,
				EE8248302509438800C263F1 /* PaymentVC.swift in Sources */,
				EE52F4B52509D5250026BE68 /* Inspectable.swift in Sources */,
				EECDFF17250FE99E000B293C /* CountryCodesViewController.swift in Sources */,
				EE31C6CB250774DF00E87E98 /* AppDelegate.swift in Sources */,
				EE0D3435250A1B1A00CA77A1 /* UpdatePasswordVC.swift in Sources */,
				EEEF99BA250F8CE2001DE12F /* countryContainer.swift in Sources */,
				EEDD1B1F250B8AC0000671EA /* ManageAddressVC.swift in Sources */,
				EE82482E25093FD500C263F1 /* CartTableCell.swift in Sources */,
				EE458EE7250BAB2300BAA7E7 /* NotificationsVC.swift in Sources */,
				EEA13A0F250F5685004E9252 /* SidMenuVC.swift in Sources */,
				EEA8EF8D2508D73100DFD80F /* Constants.swift in Sources */,
				EEDD1B21250B9598000671EA /* MyAccountVC.swift in Sources */,
				EE318C232510703F00160640 /* ForgotPasswordVC.swift in Sources */,
				EE82482C25093F0700C263F1 /* CartViewVC.swift in Sources */,
				EEA13A0D250F563A004E9252 /* CommonMethods.swift in Sources */,
				EE458EE5250BA63B00BAA7E7 /* OurMenuVC.swift in Sources */,
				EEEF99BC250F909E001DE12F /* CountryCodes.swift in Sources */,
				EE0887C72508998300FC8FDB /* DashBoardCategoriesVC.swift in Sources */,
				EEA76BBE250E80EB00B11560 /* searchRecordVC.swift in Sources */,
				EECDFF1B250FEB18000B293C /* Extensions.swift in Sources */,
				EE31C704250777C800E87E98 /* SplashVC.swift in Sources */,
				EE31C70F2507BA0900E87E98 /* TopPicsTableCell.swift in Sources */,
				EEC5EA1A25116A8600E5529F /* sideMenu.swift in Sources */,
				EE31C6CD250774DF00E87E98 /* SceneDelegate.swift in Sources */,
				EE52F4B12509D3F00026BE68 /* UIColor+NewColors.swift in Sources */,
				EE31C70825078B8700E87E98 /* RegisterVC.swift in Sources */,
				EE31C6D5250774DF00E87E98 /* ChappanBhog.xcdatamodeld in Sources */,
				EEA8EF8F2508DB3C00DFD80F /* AboutVC.swift in Sources */,
				EE31C70C2507B03B00E87E98 /* DashBoardVC.swift in Sources */,
				EE31C70625078A9200E87E98 /* SignInVC.swift in Sources */,
				EE52F4B32509D4440026BE68 /* Uiview+IBinspectable.swift in Sources */,
				EE25617C2509FEE3001C54AA /* MyOrderVC.swift in Sources */,
				EE25617A2509EFD2001C54AA /* TrackYourOrderVC.swift in Sources */,
				EE31C70A2507931600E87E98 /* VerifyPhoneVC.swift in Sources */,
				EE5E384B250BB82300DCDE18 /* ProductInfoVC.swift in Sources */,
			);
			runOnlyForDeploymentPostprocessing = 0;
		};
		EE31C6DC250774E300E87E98 /* Sources */ = {
			isa = PBXSourcesBuildPhase;
			buildActionMask = 2147483647;
			files = (
				EE31C6E5250774E300E87E98 /* ChappanBhogTests.swift in Sources */,
			);
			runOnlyForDeploymentPostprocessing = 0;
		};
		EE31C6E7250774E300E87E98 /* Sources */ = {
			isa = PBXSourcesBuildPhase;
			buildActionMask = 2147483647;
			files = (
				EE31C6F0250774E300E87E98 /* ChappanBhogUITests.swift in Sources */,
			);
			runOnlyForDeploymentPostprocessing = 0;
		};
/* End PBXSourcesBuildPhase section */

/* Begin PBXTargetDependency section */
		EE31C6E2250774E300E87E98 /* PBXTargetDependency */ = {
			isa = PBXTargetDependency;
			target = EE31C6C6250774DF00E87E98 /* ChappanBhog */;
			targetProxy = EE31C6E1250774E300E87E98 /* PBXContainerItemProxy */;
		};
		EE31C6ED250774E300E87E98 /* PBXTargetDependency */ = {
			isa = PBXTargetDependency;
			target = EE31C6C6250774DF00E87E98 /* ChappanBhog */;
			targetProxy = EE31C6EC250774E300E87E98 /* PBXContainerItemProxy */;
		};
/* End PBXTargetDependency section */

/* Begin PBXVariantGroup section */
		EE31C6D0250774DF00E87E98 /* Main.storyboard */ = {
			isa = PBXVariantGroup;
			children = (
				EE31C6D1250774DF00E87E98 /* Base */,
			);
			name = Main.storyboard;
			sourceTree = "<group>";
		};
		EE31C6D8250774E300E87E98 /* LaunchScreen.storyboard */ = {
			isa = PBXVariantGroup;
			children = (
				EE31C6D9250774E300E87E98 /* Base */,
			);
			name = LaunchScreen.storyboard;
			sourceTree = "<group>";
		};
/* End PBXVariantGroup section */

/* Begin XCBuildConfiguration section */
		EE31C6F2250774E300E87E98 /* Debug */ = {
			isa = XCBuildConfiguration;
			buildSettings = {
				ALWAYS_SEARCH_USER_PATHS = NO;
				CLANG_ANALYZER_NONNULL = YES;
				CLANG_ANALYZER_NUMBER_OBJECT_CONVERSION = YES_AGGRESSIVE;
				CLANG_CXX_LANGUAGE_STANDARD = "gnu++14";
				CLANG_CXX_LIBRARY = "libc++";
				CLANG_ENABLE_MODULES = YES;
				CLANG_ENABLE_OBJC_ARC = YES;
				CLANG_ENABLE_OBJC_WEAK = YES;
				CLANG_WARN_BLOCK_CAPTURE_AUTORELEASING = YES;
				CLANG_WARN_BOOL_CONVERSION = YES;
				CLANG_WARN_COMMA = YES;
				CLANG_WARN_CONSTANT_CONVERSION = YES;
				CLANG_WARN_DEPRECATED_OBJC_IMPLEMENTATIONS = YES;
				CLANG_WARN_DIRECT_OBJC_ISA_USAGE = YES_ERROR;
				CLANG_WARN_DOCUMENTATION_COMMENTS = YES;
				CLANG_WARN_EMPTY_BODY = YES;
				CLANG_WARN_ENUM_CONVERSION = YES;
				CLANG_WARN_INFINITE_RECURSION = YES;
				CLANG_WARN_INT_CONVERSION = YES;
				CLANG_WARN_NON_LITERAL_NULL_CONVERSION = YES;
				CLANG_WARN_OBJC_IMPLICIT_RETAIN_SELF = YES;
				CLANG_WARN_OBJC_LITERAL_CONVERSION = YES;
				CLANG_WARN_OBJC_ROOT_CLASS = YES_ERROR;
				CLANG_WARN_RANGE_LOOP_ANALYSIS = YES;
				CLANG_WARN_STRICT_PROTOTYPES = YES;
				CLANG_WARN_SUSPICIOUS_MOVE = YES;
				CLANG_WARN_UNGUARDED_AVAILABILITY = YES_AGGRESSIVE;
				CLANG_WARN_UNREACHABLE_CODE = YES;
				CLANG_WARN__DUPLICATE_METHOD_MATCH = YES;
				COPY_PHASE_STRIP = NO;
				DEBUG_INFORMATION_FORMAT = dwarf;
				ENABLE_STRICT_OBJC_MSGSEND = YES;
				ENABLE_TESTABILITY = YES;
				GCC_C_LANGUAGE_STANDARD = gnu11;
				GCC_DYNAMIC_NO_PIC = NO;
				GCC_NO_COMMON_BLOCKS = YES;
				GCC_OPTIMIZATION_LEVEL = 0;
				GCC_PREPROCESSOR_DEFINITIONS = (
					"DEBUG=1",
					"$(inherited)",
				);
				GCC_WARN_64_TO_32_BIT_CONVERSION = YES;
				GCC_WARN_ABOUT_RETURN_TYPE = YES_ERROR;
				GCC_WARN_UNDECLARED_SELECTOR = YES;
				GCC_WARN_UNINITIALIZED_AUTOS = YES_AGGRESSIVE;
				GCC_WARN_UNUSED_FUNCTION = YES;
				GCC_WARN_UNUSED_VARIABLE = YES;
				IPHONEOS_DEPLOYMENT_TARGET = 11.0;
				MTL_ENABLE_DEBUG_INFO = INCLUDE_SOURCE;
				MTL_FAST_MATH = YES;
				ONLY_ACTIVE_ARCH = YES;
				SDKROOT = iphoneos;
				SWIFT_ACTIVE_COMPILATION_CONDITIONS = DEBUG;
				SWIFT_OPTIMIZATION_LEVEL = "-Onone";
			};
			name = Debug;
		};
		EE31C6F3250774E300E87E98 /* Release */ = {
			isa = XCBuildConfiguration;
			buildSettings = {
				ALWAYS_SEARCH_USER_PATHS = NO;
				CLANG_ANALYZER_NONNULL = YES;
				CLANG_ANALYZER_NUMBER_OBJECT_CONVERSION = YES_AGGRESSIVE;
				CLANG_CXX_LANGUAGE_STANDARD = "gnu++14";
				CLANG_CXX_LIBRARY = "libc++";
				CLANG_ENABLE_MODULES = YES;
				CLANG_ENABLE_OBJC_ARC = YES;
				CLANG_ENABLE_OBJC_WEAK = YES;
				CLANG_WARN_BLOCK_CAPTURE_AUTORELEASING = YES;
				CLANG_WARN_BOOL_CONVERSION = YES;
				CLANG_WARN_COMMA = YES;
				CLANG_WARN_CONSTANT_CONVERSION = YES;
				CLANG_WARN_DEPRECATED_OBJC_IMPLEMENTATIONS = YES;
				CLANG_WARN_DIRECT_OBJC_ISA_USAGE = YES_ERROR;
				CLANG_WARN_DOCUMENTATION_COMMENTS = YES;
				CLANG_WARN_EMPTY_BODY = YES;
				CLANG_WARN_ENUM_CONVERSION = YES;
				CLANG_WARN_INFINITE_RECURSION = YES;
				CLANG_WARN_INT_CONVERSION = YES;
				CLANG_WARN_NON_LITERAL_NULL_CONVERSION = YES;
				CLANG_WARN_OBJC_IMPLICIT_RETAIN_SELF = YES;
				CLANG_WARN_OBJC_LITERAL_CONVERSION = YES;
				CLANG_WARN_OBJC_ROOT_CLASS = YES_ERROR;
				CLANG_WARN_RANGE_LOOP_ANALYSIS = YES;
				CLANG_WARN_STRICT_PROTOTYPES = YES;
				CLANG_WARN_SUSPICIOUS_MOVE = YES;
				CLANG_WARN_UNGUARDED_AVAILABILITY = YES_AGGRESSIVE;
				CLANG_WARN_UNREACHABLE_CODE = YES;
				CLANG_WARN__DUPLICATE_METHOD_MATCH = YES;
				COPY_PHASE_STRIP = NO;
				DEBUG_INFORMATION_FORMAT = "dwarf-with-dsym";
				ENABLE_NS_ASSERTIONS = NO;
				ENABLE_STRICT_OBJC_MSGSEND = YES;
				GCC_C_LANGUAGE_STANDARD = gnu11;
				GCC_NO_COMMON_BLOCKS = YES;
				GCC_WARN_64_TO_32_BIT_CONVERSION = YES;
				GCC_WARN_ABOUT_RETURN_TYPE = YES_ERROR;
				GCC_WARN_UNDECLARED_SELECTOR = YES;
				GCC_WARN_UNINITIALIZED_AUTOS = YES_AGGRESSIVE;
				GCC_WARN_UNUSED_FUNCTION = YES;
				GCC_WARN_UNUSED_VARIABLE = YES;
				IPHONEOS_DEPLOYMENT_TARGET = 11.0;
				MTL_ENABLE_DEBUG_INFO = NO;
				MTL_FAST_MATH = YES;
				SDKROOT = iphoneos;
				SWIFT_COMPILATION_MODE = wholemodule;
				SWIFT_OPTIMIZATION_LEVEL = "-O";
				VALIDATE_PRODUCT = YES;
			};
			name = Release;
		};
		EE31C6F5250774E300E87E98 /* Debug */ = {
			isa = XCBuildConfiguration;
			buildSettings = {
				ASSETCATALOG_COMPILER_APPICON_NAME = AppIcon;
				CODE_SIGN_IDENTITY = "Apple Development";
				CODE_SIGN_STYLE = Automatic;
				DEVELOPMENT_TEAM = CCU5ALPCMX;
				INFOPLIST_FILE = ChappanBhog/Info.plist;
				LD_RUNPATH_SEARCH_PATHS = (
					"$(inherited)",
					"@executable_path/Frameworks",
				);
				PRODUCT_BUNDLE_IDENTIFIER = koti.ChappanBhog;
				PRODUCT_NAME = "$(TARGET_NAME)";
				PROVISIONING_PROFILE_SPECIFIER = "";
				SWIFT_VERSION = 5.0;
				TARGETED_DEVICE_FAMILY = "1,2";
			};
			name = Debug;
		};
		EE31C6F6250774E300E87E98 /* Release */ = {
			isa = XCBuildConfiguration;
			buildSettings = {
				ASSETCATALOG_COMPILER_APPICON_NAME = AppIcon;
				CODE_SIGN_IDENTITY = "Apple Development";
				CODE_SIGN_STYLE = Automatic;
				DEVELOPMENT_TEAM = CCU5ALPCMX;
				INFOPLIST_FILE = ChappanBhog/Info.plist;
				LD_RUNPATH_SEARCH_PATHS = (
					"$(inherited)",
					"@executable_path/Frameworks",
				);
				PRODUCT_BUNDLE_IDENTIFIER = koti.ChappanBhog;
				PRODUCT_NAME = "$(TARGET_NAME)";
				PROVISIONING_PROFILE_SPECIFIER = "";
				SWIFT_VERSION = 5.0;
				TARGETED_DEVICE_FAMILY = "1,2";
			};
			name = Release;
		};
		EE31C6F8250774E300E87E98 /* Debug */ = {
			isa = XCBuildConfiguration;
			buildSettings = {
				ALWAYS_EMBED_SWIFT_STANDARD_LIBRARIES = YES;
				BUNDLE_LOADER = "$(TEST_HOST)";
				CODE_SIGN_STYLE = Automatic;
				INFOPLIST_FILE = ChappanBhogTests/Info.plist;
				IPHONEOS_DEPLOYMENT_TARGET = 13.6;
				LD_RUNPATH_SEARCH_PATHS = (
					"$(inherited)",
					"@executable_path/Frameworks",
					"@loader_path/Frameworks",
				);
				PRODUCT_BUNDLE_IDENTIFIER = koti.ChappanBhogTests;
				PRODUCT_NAME = "$(TARGET_NAME)";
				SWIFT_VERSION = 5.0;
				TARGETED_DEVICE_FAMILY = "1,2";
				TEST_HOST = "$(BUILT_PRODUCTS_DIR)/ChappanBhog.app/ChappanBhog";
			};
			name = Debug;
		};
		EE31C6F9250774E300E87E98 /* Release */ = {
			isa = XCBuildConfiguration;
			buildSettings = {
				ALWAYS_EMBED_SWIFT_STANDARD_LIBRARIES = YES;
				BUNDLE_LOADER = "$(TEST_HOST)";
				CODE_SIGN_STYLE = Automatic;
				INFOPLIST_FILE = ChappanBhogTests/Info.plist;
				IPHONEOS_DEPLOYMENT_TARGET = 13.6;
				LD_RUNPATH_SEARCH_PATHS = (
					"$(inherited)",
					"@executable_path/Frameworks",
					"@loader_path/Frameworks",
				);
				PRODUCT_BUNDLE_IDENTIFIER = koti.ChappanBhogTests;
				PRODUCT_NAME = "$(TARGET_NAME)";
				SWIFT_VERSION = 5.0;
				TARGETED_DEVICE_FAMILY = "1,2";
				TEST_HOST = "$(BUILT_PRODUCTS_DIR)/ChappanBhog.app/ChappanBhog";
			};
			name = Release;
		};
		EE31C6FB250774E300E87E98 /* Debug */ = {
			isa = XCBuildConfiguration;
			buildSettings = {
				ALWAYS_EMBED_SWIFT_STANDARD_LIBRARIES = YES;
				CODE_SIGN_STYLE = Automatic;
				INFOPLIST_FILE = ChappanBhogUITests/Info.plist;
				LD_RUNPATH_SEARCH_PATHS = (
					"$(inherited)",
					"@executable_path/Frameworks",
					"@loader_path/Frameworks",
				);
				PRODUCT_BUNDLE_IDENTIFIER = koti.ChappanBhogUITests;
				PRODUCT_NAME = "$(TARGET_NAME)";
				SWIFT_VERSION = 5.0;
				TARGETED_DEVICE_FAMILY = "1,2";
				TEST_TARGET_NAME = ChappanBhog;
			};
			name = Debug;
		};
		EE31C6FC250774E300E87E98 /* Release */ = {
			isa = XCBuildConfiguration;
			buildSettings = {
				ALWAYS_EMBED_SWIFT_STANDARD_LIBRARIES = YES;
				CODE_SIGN_STYLE = Automatic;
				INFOPLIST_FILE = ChappanBhogUITests/Info.plist;
				LD_RUNPATH_SEARCH_PATHS = (
					"$(inherited)",
					"@executable_path/Frameworks",
					"@loader_path/Frameworks",
				);
				PRODUCT_BUNDLE_IDENTIFIER = koti.ChappanBhogUITests;
				PRODUCT_NAME = "$(TARGET_NAME)";
				SWIFT_VERSION = 5.0;
				TARGETED_DEVICE_FAMILY = "1,2";
				TEST_TARGET_NAME = ChappanBhog;
			};
			name = Release;
		};
/* End XCBuildConfiguration section */

/* Begin XCConfigurationList section */
		EE31C6C2250774DF00E87E98 /* Build configuration list for PBXProject "ChappanBhog" */ = {
			isa = XCConfigurationList;
			buildConfigurations = (
				EE31C6F2250774E300E87E98 /* Debug */,
				EE31C6F3250774E300E87E98 /* Release */,
			);
			defaultConfigurationIsVisible = 0;
			defaultConfigurationName = Release;
		};
		EE31C6F4250774E300E87E98 /* Build configuration list for PBXNativeTarget "ChappanBhog" */ = {
			isa = XCConfigurationList;
			buildConfigurations = (
				EE31C6F5250774E300E87E98 /* Debug */,
				EE31C6F6250774E300E87E98 /* Release */,
			);
			defaultConfigurationIsVisible = 0;
			defaultConfigurationName = Release;
		};
		EE31C6F7250774E300E87E98 /* Build configuration list for PBXNativeTarget "ChappanBhogTests" */ = {
			isa = XCConfigurationList;
			buildConfigurations = (
				EE31C6F8250774E300E87E98 /* Debug */,
				EE31C6F9250774E300E87E98 /* Release */,
			);
			defaultConfigurationIsVisible = 0;
			defaultConfigurationName = Release;
		};
		EE31C6FA250774E300E87E98 /* Build configuration list for PBXNativeTarget "ChappanBhogUITests" */ = {
			isa = XCConfigurationList;
			buildConfigurations = (
				EE31C6FB250774E300E87E98 /* Debug */,
				EE31C6FC250774E300E87E98 /* Release */,
			);
			defaultConfigurationIsVisible = 0;
			defaultConfigurationName = Release;
		};
/* End XCConfigurationList section */

/* Begin XCVersionGroup section */
		EE31C6D3250774DF00E87E98 /* ChappanBhog.xcdatamodeld */ = {
			isa = XCVersionGroup;
			children = (
				EE31C6D4250774DF00E87E98 /* ChappanBhog.xcdatamodel */,
			);
			currentVersion = EE31C6D4250774DF00E87E98 /* ChappanBhog.xcdatamodel */;
			path = ChappanBhog.xcdatamodeld;
			sourceTree = "<group>";
			versionGroupType = wrapper.xcdatamodel;
		};
/* End XCVersionGroup section */
	};
	rootObject = EE31C6BF250774DF00E87E98 /* Project object */;
}
